// !$*UTF8*$!
{
	archiveVersion = 1;
	classes = {
	};
	objectVersion = 56;
	objects = {

/* Begin PBXBuildFile section */
		681E49352BFDD937007DA4F7 /* DetailViewController.swift in Sources */ = {isa = PBXBuildFile; fileRef = 681E49342BFDD937007DA4F7 /* DetailViewController.swift */; };
		6839924E2BE21B8800E28284 /* AppDelegate.swift in Sources */ = {isa = PBXBuildFile; fileRef = 6839924D2BE21B8800E28284 /* AppDelegate.swift */; };
		683992502BE21B8800E28284 /* SceneDelegate.swift in Sources */ = {isa = PBXBuildFile; fileRef = 6839924F2BE21B8800E28284 /* SceneDelegate.swift */; };
		683992522BE21B8800E28284 /* ViewController.swift in Sources */ = {isa = PBXBuildFile; fileRef = 683992512BE21B8800E28284 /* ViewController.swift */; };
		683992552BE21B8800E28284 /* Main.storyboard in Resources */ = {isa = PBXBuildFile; fileRef = 683992532BE21B8800E28284 /* Main.storyboard */; };
		683992572BE21B8A00E28284 /* Assets.xcassets in Resources */ = {isa = PBXBuildFile; fileRef = 683992562BE21B8A00E28284 /* Assets.xcassets */; };
		6839925A2BE21B8A00E28284 /* LaunchScreen.storyboard in Resources */ = {isa = PBXBuildFile; fileRef = 683992582BE21B8A00E28284 /* LaunchScreen.storyboard */; };
		683992622BE2204000E28284 /* MyTableViewCell.swift in Sources */ = {isa = PBXBuildFile; fileRef = 683992612BE2204000E28284 /* MyTableViewCell.swift */; };
		689B71562C0708C800BF4E6A /* MapViewController.swift in Sources */ = {isa = PBXBuildFile; fileRef = 689B71552C0708C800BF4E6A /* MapViewController.swift */; };
/* End PBXBuildFile section */

/* Begin PBXFileReference section */
		681E49342BFDD937007DA4F7 /* DetailViewController.swift */ = {isa = PBXFileReference; lastKnownFileType = sourcecode.swift; path = DetailViewController.swift; sourceTree = "<group>"; };
		6839924A2BE21B8800E28284 /* A006HJH.app */ = {isa = PBXFileReference; explicitFileType = wrapper.application; includeInIndex = 0; path = A006HJH.app; sourceTree = BUILT_PRODUCTS_DIR; };
		6839924D2BE21B8800E28284 /* AppDelegate.swift */ = {isa = PBXFileReference; lastKnownFileType = sourcecode.swift; path = AppDelegate.swift; sourceTree = "<group>"; };
		6839924F2BE21B8800E28284 /* SceneDelegate.swift */ = {isa = PBXFileReference; lastKnownFileType = sourcecode.swift; path = SceneDelegate.swift; sourceTree = "<group>"; };
		683992512BE21B8800E28284 /* ViewController.swift */ = {isa = PBXFileReference; lastKnownFileType = sourcecode.swift; path = ViewController.swift; sourceTree = "<group>"; };
		683992542BE21B8800E28284 /* Base */ = {isa = PBXFileReference; lastKnownFileType = file.storyboard; name = Base; path = Base.lproj/Main.storyboard; sourceTree = "<group>"; };
		683992562BE21B8A00E28284 /* Assets.xcassets */ = {isa = PBXFileReference; lastKnownFileType = folder.assetcatalog; path = Assets.xcassets; sourceTree = "<group>"; };
		683992592BE21B8A00E28284 /* Base */ = {isa = PBXFileReference; lastKnownFileType = file.storyboard; name = Base; path = Base.lproj/LaunchScreen.storyboard; sourceTree = "<group>"; };
		6839925B2BE21B8A00E28284 /* Info.plist */ = {isa = PBXFileReference; lastKnownFileType = text.plist.xml; path = Info.plist; sourceTree = "<group>"; };
		683992612BE2204000E28284 /* MyTableViewCell.swift */ = {isa = PBXFileReference; lastKnownFileType = sourcecode.swift; path = MyTableViewCell.swift; sourceTree = "<group>"; };
		689B71552C0708C800BF4E6A /* MapViewController.swift */ = {isa = PBXFileReference; lastKnownFileType = sourcecode.swift; path = MapViewController.swift; sourceTree = "<group>"; };
/* End PBXFileReference section */

/* Begin PBXFrameworksBuildPhase section */
		683992472BE21B8800E28284 /* Frameworks */ = {
			isa = PBXFrameworksBuildPhase;
			buildActionMask = 2147483647;
			files = (
			);
			runOnlyForDeploymentPostprocessing = 0;
		};
/* End PBXFrameworksBuildPhase section */

/* Begin PBXGroup section */
		683992412BE21B8800E28284 = {
			isa = PBXGroup;
			children = (
				6839924C2BE21B8800E28284 /* A006HJH */,
				6839924B2BE21B8800E28284 /* Products */,
			);
			sourceTree = "<group>";
		};
		6839924B2BE21B8800E28284 /* Products */ = {
			isa = PBXGroup;
			children = (
				6839924A2BE21B8800E28284 /* A006HJH.app */,
			);
			name = Products;
			sourceTree = "<group>";
		};
		6839924C2BE21B8800E28284 /* A006HJH */ = {
			isa = PBXGroup;
			children = (
				6839924D2BE21B8800E28284 /* AppDelegate.swift */,
				6839924F2BE21B8800E28284 /* SceneDelegate.swift */,
				683992512BE21B8800E28284 /* ViewController.swift */,
				683992612BE2204000E28284 /* MyTableViewCell.swift */,
				681E49342BFDD937007DA4F7 /* DetailViewController.swift */,
				689B71552C0708C800BF4E6A /* MapViewController.swift */,
				683992532BE21B8800E28284 /* Main.storyboard */,
				683992562BE21B8A00E28284 /* Assets.xcassets */,
				683992582BE21B8A00E28284 /* LaunchScreen.storyboard */,
				6839925B2BE21B8A00E28284 /* Info.plist */,
			);
			path = A006HJH;
			sourceTree = "<group>";
		};
/* End PBXGroup section */

/* Begin PBXNativeTarget section */
		683992492BE21B8800E28284 /* A006HJH */ = {
			isa = PBXNativeTarget;
			buildConfigurationList = 6839925E2BE21B8A00E28284 /* Build configuration list for PBXNativeTarget "A006HJH" */;
			buildPhases = (
				683992462BE21B8800E28284 /* Sources */,
				683992472BE21B8800E28284 /* Frameworks */,
				683992482BE21B8800E28284 /* Resources */,
			);
			buildRules = (
			);
			dependencies = (
			);
			name = A006HJH;
			productName = MovieHJH;
			productReference = 6839924A2BE21B8800E28284 /* A006HJH.app */;
			productType = "com.apple.product-type.application";
		};
/* End PBXNativeTarget section */

/* Begin PBXProject section */
		683992422BE21B8800E28284 /* Project object */ = {
			isa = PBXProject;
			attributes = {
				BuildIndependentTargetsInParallel = 1;
				LastSwiftUpdateCheck = 1420;
				LastUpgradeCheck = 1420;
				TargetAttributes = {
					683992492BE21B8800E28284 = {
						CreatedOnToolsVersion = 14.2;
					};
				};
			};
			buildConfigurationList = 683992452BE21B8800E28284 /* Build configuration list for PBXProject "A006HJH" */;
			compatibilityVersion = "Xcode 14.0";
			developmentRegion = en;
			hasScannedForEncodings = 0;
			knownRegions = (
				en,
				Base,
			);
			mainGroup = 683992412BE21B8800E28284;
			productRefGroup = 6839924B2BE21B8800E28284 /* Products */;
			projectDirPath = "";
			projectRoot = "";
			targets = (
				683992492BE21B8800E28284 /* A006HJH */,
			);
		};
/* End PBXProject section */

/* Begin PBXResourcesBuildPhase section */
		683992482BE21B8800E28284 /* Resources */ = {
			isa = PBXResourcesBuildPhase;
			buildActionMask = 2147483647;
			files = (
				6839925A2BE21B8A00E28284 /* LaunchScreen.storyboard in Resources */,
				683992572BE21B8A00E28284 /* Assets.xcassets in Resources */,
				683992552BE21B8800E28284 /* Main.storyboard in Resources */,
			);
			runOnlyForDeploymentPostprocessing = 0;
		};
/* End PBXResourcesBuildPhase section */

/* Begin PBXSourcesBuildPhase section */
		683992462BE21B8800E28284 /* Sources */ = {
			isa = PBXSourcesBuildPhase;
			buildActionMask = 2147483647;
			files = (
				683992522BE21B8800E28284 /* ViewController.swift in Sources */,
				689B71562C0708C800BF4E6A /* MapViewController.swift in Sources */,
				683992622BE2204000E28284 /* MyTableViewCell.swift in Sources */,
				681E49352BFDD937007DA4F7 /* DetailViewController.swift in Sources */,
				6839924E2BE21B8800E28284 /* AppDelegate.swift in Sources */,
				683992502BE21B8800E28284 /* SceneDelegate.swift in Sources */,
			);
			runOnlyForDeploymentPostprocessing = 0;
		};
/* End PBXSourcesBuildPhase section */

/* Begin PBXVariantGroup section */
		683992532BE21B8800E28284 /* Main.storyboard */ = {
			isa = PBXVariantGroup;
			children = (
				683992542BE21B8800E28284 /* Base */,
			);
			name = Main.storyboard;
			sourceTree = "<group>";
		};
		683992582BE21B8A00E28284 /* LaunchScreen.storyboard */ = {
			isa = PBXVariantGroup;
			children = (
				683992592BE21B8A00E28284 /* Base */,
			);
			name = LaunchScreen.storyboard;
			sourceTree = "<group>";
		};
/* End PBXVariantGroup section */

/* Begin XCBuildConfiguration section */
		6839925C2BE21B8A00E28284 /* Debug */ = {
			isa = XCBuildConfiguration;
			buildSettings = {
				ALWAYS_SEARCH_USER_PATHS = NO;
				CLANG_ANALYZER_NONNULL = YES;
				CLANG_ANALYZER_NUMBER_OBJECT_CONVERSION = YES_AGGRESSIVE;
				CLANG_CXX_LANGUAGE_STANDARD = "gnu++20";
				CLANG_ENABLE_MODULES = YES;
				CLANG_ENABLE_OBJC_ARC = YES;
				CLANG_ENABLE_OBJC_WEAK = YES;
				CLANG_WARN_BLOCK_CAPTURE_AUTORELEASING = YES;
				CLANG_WARN_BOOL_CONVERSION = YES;
				CLANG_WARN_COMMA = YES;
				CLANG_WARN_CONSTANT_CONVERSION = YES;
				CLANG_WARN_DEPRECATED_OBJC_IMPLEMENTATIONS = YES;
				CLANG_WARN_DIRECT_OBJC_ISA_USAGE = YES_ERROR;
				CLANG_WARN_DOCUMENTATION_COMMENTS = YES;
				CLANG_WARN_EMPTY_BODY = YES;
				CLANG_WARN_ENUM_CONVERSION = YES;
				CLANG_WARN_INFINITE_RECURSION = YES;
				CLANG_WARN_INT_CONVERSION = YES;
				CLANG_WARN_NON_LITERAL_NULL_CONVERSION = YES;
				CLANG_WARN_OBJC_IMPLICIT_RETAIN_SELF = YES;
				CLANG_WARN_OBJC_LITERAL_CONVERSION = YES;
				CLANG_WARN_OBJC_ROOT_CLASS = YES_ERROR;
				CLANG_WARN_QUOTED_INCLUDE_IN_FRAMEWORK_HEADER = YES;
				CLANG_WARN_RANGE_LOOP_ANALYSIS = YES;
				CLANG_WARN_STRICT_PROTOTYPES = YES;
				CLANG_WARN_SUSPICIOUS_MOVE = YES;
				CLANG_WARN_UNGUARDED_AVAILABILITY = YES_AGGRESSIVE;
				CLANG_WARN_UNREACHABLE_CODE = YES;
				CLANG_WARN__DUPLICATE_METHOD_MATCH = YES;
				COPY_PHASE_STRIP = NO;
				DEBUG_INFORMATION_FORMAT = dwarf;
				ENABLE_STRICT_OBJC_MSGSEND = YES;
				ENABLE_TESTABILITY = YES;
				GCC_C_LANGUAGE_STANDARD = gnu11;
				GCC_DYNAMIC_NO_PIC = NO;
				GCC_NO_COMMON_BLOCKS = YES;
				GCC_OPTIMIZATION_LEVEL = 0;
				GCC_PREPROCESSOR_DEFINITIONS = (
					"DEBUG=1",
					"$(inherited)",
				);
				GCC_WARN_64_TO_32_BIT_CONVERSION = YES;
				GCC_WARN_ABOUT_RETURN_TYPE = YES_ERROR;
				GCC_WARN_UNDECLARED_SELECTOR = YES;
				GCC_WARN_UNINITIALIZED_AUTOS = YES_AGGRESSIVE;
				GCC_WARN_UNUSED_FUNCTION = YES;
				GCC_WARN_UNUSED_VARIABLE = YES;
				IPHONEOS_DEPLOYMENT_TARGET = 16.2;
				MTL_ENABLE_DEBUG_INFO = INCLUDE_SOURCE;
				MTL_FAST_MATH = YES;
				ONLY_ACTIVE_ARCH = YES;
				SDKROOT = iphoneos;
				SWIFT_ACTIVE_COMPILATION_CONDITIONS = DEBUG;
				SWIFT_OPTIMIZATION_LEVEL = "-Onone";
			};
			name = Debug;
		};
		6839925D2BE21B8A00E28284 /* Release */ = {
			isa = XCBuildConfiguration;
			buildSettings = {
				ALWAYS_SEARCH_USER_PATHS = NO;
				CLANG_ANALYZER_NONNULL = YES;
				CLANG_ANALYZER_NUMBER_OBJECT_CONVERSION = YES_AGGRESSIVE;
				CLANG_CXX_LANGUAGE_STANDARD = "gnu++20";
				CLANG_ENABLE_MODULES = YES;
				CLANG_ENABLE_OBJC_ARC = YES;
				CLANG_ENABLE_OBJC_WEAK = YES;
				CLANG_WARN_BLOCK_CAPTURE_AUTORELEASING = YES;
				CLANG_WARN_BOOL_CONVERSION = YES;
				CLANG_WARN_COMMA = YES;
				CLANG_WARN_CONSTANT_CONVERSION = YES;
				CLANG_WARN_DEPRECATED_OBJC_IMPLEMENTATIONS = YES;
				CLANG_WARN_DIRECT_OBJC_ISA_USAGE = YES_ERROR;
				CLANG_WARN_DOCUMENTATION_COMMENTS = YES;
				CLANG_WARN_EMPTY_BODY = YES;
				CLANG_WARN_ENUM_CONVERSION = YES;
				CLANG_WARN_INFINITE_RECURSION = YES;
				CLANG_WARN_INT_CONVERSION = YES;
				CLANG_WARN_NON_LITERAL_NULL_CONVERSION = YES;
				CLANG_WARN_OBJC_IMPLICIT_RETAIN_SELF = YES;
				CLANG_WARN_OBJC_LITERAL_CONVERSION = YES;
				CLANG_WARN_OBJC_ROOT_CLASS = YES_ERROR;
				CLANG_WARN_QUOTED_INCLUDE_IN_FRAMEWORK_HEADER = YES;
				CLANG_WARN_RANGE_LOOP_ANALYSIS = YES;
				CLANG_WARN_STRICT_PROTOTYPES = YES;
				CLANG_WARN_SUSPICIOUS_MOVE = YES;
				CLANG_WARN_UNGUARDED_AVAILABILITY = YES_AGGRESSIVE;
				CLANG_WARN_UNREACHABLE_CODE = YES;
				CLANG_WARN__DUPLICATE_METHOD_MATCH = YES;
				COPY_PHASE_STRIP = NO;
				DEBUG_INFORMATION_FORMAT = "dwarf-with-dsym";
				ENABLE_NS_ASSERTIONS = NO;
				ENABLE_STRICT_OBJC_MSGSEND = YES;
				GCC_C_LANGUAGE_STANDARD = gnu11;
				GCC_NO_COMMON_BLOCKS = YES;
				GCC_WARN_64_TO_32_BIT_CONVERSION = YES;
				GCC_WARN_ABOUT_RETURN_TYPE = YES_ERROR;
				GCC_WARN_UNDECLARED_SELECTOR = YES;
				GCC_WARN_UNINITIALIZED_AUTOS = YES_AGGRESSIVE;
				GCC_WARN_UNUSED_FUNCTION = YES;
				GCC_WARN_UNUSED_VARIABLE = YES;
				IPHONEOS_DEPLOYMENT_TARGET = 16.2;
				MTL_ENABLE_DEBUG_INFO = NO;
				MTL_FAST_MATH = YES;
				SDKROOT = iphoneos;
				SWIFT_COMPILATION_MODE = wholemodule;
				SWIFT_OPTIMIZATION_LEVEL = "-O";
				VALIDATE_PRODUCT = YES;
			};
			name = Release;
		};
		6839925F2BE21B8A00E28284 /* Debug */ = {
			isa = XCBuildConfiguration;
			buildSettings = {
				ASSETCATALOG_COMPILER_APPICON_NAME = AppIcon;
				ASSETCATALOG_COMPILER_GLOBAL_ACCENT_COLOR_NAME = AccentColor;
				CODE_SIGN_STYLE = Automatic;
				CURRENT_PROJECT_VERSION = 1;
				GENERATE_INFOPLIST_FILE = YES;
				INFOPLIST_FILE = A006HJH/Info.plist;
				INFOPLIST_KEY_UIApplicationSupportsIndirectInputEvents = YES;
				INFOPLIST_KEY_UILaunchStoryboardName = LaunchScreen;
				INFOPLIST_KEY_UIMainStoryboardFile = Main;
				INFOPLIST_KEY_UISupportedInterfaceOrientations_iPad = "UIInterfaceOrientationPortrait UIInterfaceOrientationPortraitUpsideDown UIInterfaceOrientationLandscapeLeft UIInterfaceOrientationLandscapeRight";
				INFOPLIST_KEY_UISupportedInterfaceOrientations_iPhone = "UIInterfaceOrientationPortrait UIInterfaceOrientationLandscapeLeft UIInterfaceOrientationLandscapeRight";
				LD_RUNPATH_SEARCH_PATHS = (
					"$(inherited)",
					"@executable_path/Frameworks",
				);
				MARKETING_VERSION = 1.0;
				PRODUCT_BUNDLE_IDENTIFIER = kr.ac.induk.hjh.A006HJH;
				PRODUCT_NAME = "$(TARGET_NAME)";
				SWIFT_EMIT_LOC_STRINGS = YES;
				SWIFT_VERSION = 5.0;
				TARGETED_DEVICE_FAMILY = "1,2";
			};
			name = Debug;
		};
		683992602BE21B8A00E28284 /* Release */ = {
			isa = XCBuildConfiguration;
			buildSettings = {
				ASSETCATALOG_COMPILER_APPICON_NAME = AppIcon;
				ASSETCATALOG_COMPILER_GLOBAL_ACCENT_COLOR_NAME = AccentColor;
				CODE_SIGN_STYLE = Automatic;
				CURRENT_PROJECT_VERSION = 1;
				GENERATE_INFOPLIST_FILE = YES;
				INFOPLIST_FILE = A006HJH/Info.plist;
				INFOPLIST_KEY_UIApplicationSupportsIndirectInputEvents = YES;
				INFOPLIST_KEY_UILaunchStoryboardName = LaunchScreen;
				INFOPLIST_KEY_UIMainStoryboardFile = Main;
				INFOPLIST_KEY_UISupportedInterfaceOrientations_iPad = "UIInterfaceOrientationPortrait UIInterfaceOrientationPortraitUpsideDown UIInterfaceOrientationLandscapeLeft UIInterfaceOrientationLandscapeRight";
				INFOPLIST_KEY_UISupportedInterfaceOrientations_iPhone = "UIInterfaceOrientationPortrait UIInterfaceOrientationLandscapeLeft UIInterfaceOrientationLandscapeRight";
				LD_RUNPATH_SEARCH_PATHS = (
					"$(inherited)",
					"@executable_path/Frameworks",
				);
				MARKETING_VERSION = 1.0;
				PRODUCT_BUNDLE_IDENTIFIER = kr.ac.induk.hjh.A006HJH;
				PRODUCT_NAME = "$(TARGET_NAME)";
				SWIFT_EMIT_LOC_STRINGS = YES;
				SWIFT_VERSION = 5.0;
				TARGETED_DEVICE_FAMILY = "1,2";
			};
			name = Release;
		};
/* End XCBuildConfiguration section */

/* Begin XCConfigurationList section */
		683992452BE21B8800E28284 /* Build configuration list for PBXProject "A006HJH" */ = {
			isa = XCConfigurationList;
			buildConfigurations = (
				6839925C2BE21B8A00E28284 /* Debug */,
				6839925D2BE21B8A00E28284 /* Release */,
			);
			defaultConfigurationIsVisible = 0;
			defaultConfigurationName = Release;
		};
		6839925E2BE21B8A00E28284 /* Build configuration list for PBXNativeTarget "A006HJH" */ = {
			isa = XCConfigurationList;
			buildConfigurations = (
				6839925F2BE21B8A00E28284 /* Debug */,
				683992602BE21B8A00E28284 /* Release */,
			);
			defaultConfigurationIsVisible = 0;
			defaultConfigurationName = Release;
		};
/* End XCConfigurationList section */
	};
	rootObject = 683992422BE21B8800E28284 /* Project object */;
}
